
Microsoft Visual Studio Solution File, Format Version 12.00
# Visual Studio 15
VisualStudioVersion = 15.0.28010.2048
MinimumVisualStudioVersion = 10.0.40219.1
Project("{FAE04EC0-301F-11D3-BF4B-00C04F79EFBC}") = "mergeExcelFiles", "mergeExcelFiles\mergeExcelFiles.csproj", "{BA20B225-FE9B-47EE-BB6D-331A71828A9F}"
EndProject
Project("{FAE04EC0-301F-11D3-BF4B-00C04F79EFBC}") = "emailService", "emailService\emailService.csproj", "{260CDE61-F95B-44EF-8908-27FFB1BCBDE9}"
EndProject
Project("{54435603-DBB4-11D2-8724-00A0C9A8B90C}") = "mergeExcelFiles_Installer", "mergeExcelFiles_Installer\mergeExcelFiles_Installer.vdproj", "{E99B2E14-6CEE-4620-B4EA-50D5CE3ED2C4}"
EndProject
Global
	GlobalSection(SolutionConfigurationPlatforms) = preSolution
		Debug|Any CPU = Debug|Any CPU
		Release|Any CPU = Release|Any CPU
	EndGlobalSection
	GlobalSection(ProjectConfigurationPlatforms) = postSolution
		{BA20B225-FE9B-47EE-BB6D-331A71828A9F}.Debug|Any CPU.ActiveCfg = Debug|Any CPU
		{BA20B225-FE9B-47EE-BB6D-331A71828A9F}.Debug|Any CPU.Build.0 = Debug|Any CPU
		{BA20B225-FE9B-47EE-BB6D-331A71828A9F}.Release|Any CPU.ActiveCfg = Release|Any CPU
		{BA20B225-FE9B-47EE-BB6D-331A71828A9F}.Release|Any CPU.Build.0 = Release|Any CPU
		{260CDE61-F95B-44EF-8908-27FFB1BCBDE9}.Debug|Any CPU.ActiveCfg = Debug|Any CPU
		{260CDE61-F95B-44EF-8908-27FFB1BCBDE9}.Debug|Any CPU.Build.0 = Debug|Any CPU
		{260CDE61-F95B-44EF-8908-27FFB1BCBDE9}.Release|Any CPU.ActiveCfg = Release|Any CPU
		{260CDE61-F95B-44EF-8908-27FFB1BCBDE9}.Release|Any CPU.Build.0 = Release|Any CPU
		{E99B2E14-6CEE-4620-B4EA-50D5CE3ED2C4}.Debug|Any CPU.ActiveCfg = Debug
		{E99B2E14-6CEE-4620-B4EA-50D5CE3ED2C4}.Release|Any CPU.ActiveCfg = Release
	EndGlobalSection
	GlobalSection(SolutionProperties) = preSolution
		HideSolutionNode = FALSE
	EndGlobalSection
	GlobalSection(ExtensibilityGlobals) = postSolution
		SolutionGuid = {C81C95C7-B25B-4F68-9A34-675A60FA5185}
	EndGlobalSection
EndGlobal
